
Microsoft Visual Studio Solution File, Format Version 12.00
Project("{FAE04EC0-301F-11D3-BF4B-00C04F79EFBC}") = "Application", "Application\Application.csproj", "{2B9F0D16-EE1B-42FD-B93C-798931973CA1}"
EndProject
Project("{FAE04EC0-301F-11D3-BF4B-00C04F79EFBC}") = "Domain", "Domain\Domain.csproj", "{B9178083-4421-4A02-B486-C676496BAF75}"
EndProject
Project("{FAE04EC0-301F-11D3-BF4B-00C04F79EFBC}") = "FileData", "FileData\FileData.csproj", "{FCC757BB-0561-4899-9355-EDCCD70E3151}"
EndProject
Project("{FAE04EC0-301F-11D3-BF4B-00C04F79EFBC}") = "WebAPI", "WebAPI\WebAPI.csproj", "{F6BE0BA5-F5B6-4AAC-8EB0-777CEA8B29EB}"
EndProject
Project("{FAE04EC0-301F-11D3-BF4B-00C04F79EFBC}") = "BlazorWASM", "BlazorWASM\BlazorWASM.csproj", "{1111B965-C5B7-4693-B04C-1BAEEC1BE00F}"
EndProject
Project("{FAE04EC0-301F-11D3-BF4B-00C04F79EFBC}") = "HttpClients", "HttpClients\HttpClients.csproj", "{82B19C12-DEA6-4B1C-9983-CCCEAE3B5F60}"
EndProject
Project("{FAE04EC0-301F-11D3-BF4B-00C04F79EFBC}") = "TestBlazor", "TestBlazor\TestBlazor.csproj", "{8E41F927-B693-4D2A-9CCE-6E6FC3299660}"
EndProject
Global
	GlobalSection(SolutionConfigurationPlatforms) = preSolution
		Debug|Any CPU = Debug|Any CPU
		Release|Any CPU = Release|Any CPU
	EndGlobalSection
	GlobalSection(ProjectConfigurationPlatforms) = postSolution
		{2B9F0D16-EE1B-42FD-B93C-798931973CA1}.Debug|Any CPU.ActiveCfg = Debug|Any CPU
		{2B9F0D16-EE1B-42FD-B93C-798931973CA1}.Debug|Any CPU.Build.0 = Debug|Any CPU
		{2B9F0D16-EE1B-42FD-B93C-798931973CA1}.Release|Any CPU.ActiveCfg = Release|Any CPU
		{2B9F0D16-EE1B-42FD-B93C-798931973CA1}.Release|Any CPU.Build.0 = Release|Any CPU
		{B9178083-4421-4A02-B486-C676496BAF75}.Debug|Any CPU.ActiveCfg = Debug|Any CPU
		{B9178083-4421-4A02-B486-C676496BAF75}.Debug|Any CPU.Build.0 = Debug|Any CPU
		{B9178083-4421-4A02-B486-C676496BAF75}.Release|Any CPU.ActiveCfg = Release|Any CPU
		{B9178083-4421-4A02-B486-C676496BAF75}.Release|Any CPU.Build.0 = Release|Any CPU
		{FCC757BB-0561-4899-9355-EDCCD70E3151}.Debug|Any CPU.ActiveCfg = Debug|Any CPU
		{FCC757BB-0561-4899-9355-EDCCD70E3151}.Debug|Any CPU.Build.0 = Debug|Any CPU
		{FCC757BB-0561-4899-9355-EDCCD70E3151}.Release|Any CPU.ActiveCfg = Release|Any CPU
		{FCC757BB-0561-4899-9355-EDCCD70E3151}.Release|Any CPU.Build.0 = Release|Any CPU
		{F6BE0BA5-F5B6-4AAC-8EB0-777CEA8B29EB}.Debug|Any CPU.ActiveCfg = Debug|Any CPU
		{F6BE0BA5-F5B6-4AAC-8EB0-777CEA8B29EB}.Debug|Any CPU.Build.0 = Debug|Any CPU
		{F6BE0BA5-F5B6-4AAC-8EB0-777CEA8B29EB}.Release|Any CPU.ActiveCfg = Release|Any CPU
		{F6BE0BA5-F5B6-4AAC-8EB0-777CEA8B29EB}.Release|Any CPU.Build.0 = Release|Any CPU
		{1111B965-C5B7-4693-B04C-1BAEEC1BE00F}.Debug|Any CPU.ActiveCfg = Debug|Any CPU
		{1111B965-C5B7-4693-B04C-1BAEEC1BE00F}.Debug|Any CPU.Build.0 = Debug|Any CPU
		{1111B965-C5B7-4693-B04C-1BAEEC1BE00F}.Release|Any CPU.ActiveCfg = Release|Any CPU
		{1111B965-C5B7-4693-B04C-1BAEEC1BE00F}.Release|Any CPU.Build.0 = Release|Any CPU
		{82B19C12-DEA6-4B1C-9983-CCCEAE3B5F60}.Debug|Any CPU.ActiveCfg = Debug|Any CPU
		{82B19C12-DEA6-4B1C-9983-CCCEAE3B5F60}.Debug|Any CPU.Build.0 = Debug|Any CPU
		{82B19C12-DEA6-4B1C-9983-CCCEAE3B5F60}.Release|Any CPU.ActiveCfg = Release|Any CPU
		{82B19C12-DEA6-4B1C-9983-CCCEAE3B5F60}.Release|Any CPU.Build.0 = Release|Any CPU
		{8E41F927-B693-4D2A-9CCE-6E6FC3299660}.Debug|Any CPU.ActiveCfg = Debug|Any CPU
		{8E41F927-B693-4D2A-9CCE-6E6FC3299660}.Debug|Any CPU.Build.0 = Debug|Any CPU
		{8E41F927-B693-4D2A-9CCE-6E6FC3299660}.Release|Any CPU.ActiveCfg = Release|Any CPU
		{8E41F927-B693-4D2A-9CCE-6E6FC3299660}.Release|Any CPU.Build.0 = Release|Any CPU
	EndGlobalSection
EndGlobal
